
Microsoft Visual Studio Solution File, Format Version 12.00
# Visual Studio Version 16
VisualStudioVersion = 16.0.30204.135
MinimumVisualStudioVersion = 10.0.40219.1
Project("{9A19103F-16F7-4668-BE54-9A1E7A4F7556}") = "SendFileServer", "SendFileServer\SendFileServer.csproj", "{69FA491E-E7B9-4048-A0B1-E87247CBBC2A}"
EndProject
Project("{9A19103F-16F7-4668-BE54-9A1E7A4F7556}") = "SendFileClient", "SendFileClient\SendFileClient.csproj", "{C19276AF-7846-498C-9EC2-45EE1D705134}"
EndProject
Global
	GlobalSection(SolutionConfigurationPlatforms) = preSolution
		Debug|Any CPU = Debug|Any CPU
		Release|Any CPU = Release|Any CPU
	EndGlobalSection
	GlobalSection(ProjectConfigurationPlatforms) = postSolution
		{69FA491E-E7B9-4048-A0B1-E87247CBBC2A}.Debug|Any CPU.ActiveCfg = Debug|Any CPU
		{69FA491E-E7B9-4048-A0B1-E87247CBBC2A}.Debug|Any CPU.Build.0 = Debug|Any CPU
		{69FA491E-E7B9-4048-A0B1-E87247CBBC2A}.Release|Any CPU.ActiveCfg = Release|Any CPU
		{69FA491E-E7B9-4048-A0B1-E87247CBBC2A}.Release|Any CPU.Build.0 = Release|Any CPU
		{C19276AF-7846-498C-9EC2-45EE1D705134}.Debug|Any CPU.ActiveCfg = Debug|Any CPU
		{C19276AF-7846-498C-9EC2-45EE1D705134}.Debug|Any CPU.Build.0 = Debug|Any CPU
		{C19276AF-7846-498C-9EC2-45EE1D705134}.Release|Any CPU.ActiveCfg = Release|Any CPU
		{C19276AF-7846-498C-9EC2-45EE1D705134}.Release|Any CPU.Build.0 = Release|Any CPU
	EndGlobalSection
	GlobalSection(SolutionProperties) = preSolution
		HideSolutionNode = FALSE
	EndGlobalSection
	GlobalSection(ExtensibilityGlobals) = postSolution
		SolutionGuid = {1A170709-F2F8-4825-95DD-F9FEA511AD49}
	EndGlobalSection
EndGlobal
